// !$*UTF8*$!
{
	archiveVersion = 1;
	classes = {
	};
	objectVersion = 48;
	objects = {

/* Begin PBXBuildFile section */
		2B1DF4D1200B90FF00DFE42B /* UserDefaultsManager.swift in Sources */ = {isa = PBXBuildFile; fileRef = 2B1DF4D0200B90FF00DFE42B /* UserDefaultsManager.swift */; };
		2B1DF4D3200BE67700DFE42B /* SearchesTableViewController.swift in Sources */ = {isa = PBXBuildFile; fileRef = 2B1DF4D2200BE67700DFE42B /* SearchesTableViewController.swift */; };
		2B1DF4D5200F5AC200DFE42B /* SearchesTableViewCell.swift in Sources */ = {isa = PBXBuildFile; fileRef = 2B1DF4D4200F5AC200DFE42B /* SearchesTableViewCell.swift */; };
		2B1DF4D7200F5F5C00DFE42B /* TabBarViewController.swift in Sources */ = {isa = PBXBuildFile; fileRef = 2B1DF4D6200F5F5C00DFE42B /* TabBarViewController.swift */; };
		2BAFA9A41FFFF86C002C690B /* Main.storyboard in Resources */ = {isa = PBXBuildFile; fileRef = 2BAFA9931FFFF86C002C690B /* Main.storyboard */; };
		2BAFA9A51FFFF86C002C690B /* Info.plist in Resources */ = {isa = PBXBuildFile; fileRef = 2BAFA9951FFFF86C002C690B /* Info.plist */; };
		2BAFA9A61FFFF86C002C690B /* MainTableViewController.swift in Sources */ = {isa = PBXBuildFile; fileRef = 2BAFA9961FFFF86C002C690B /* MainTableViewController.swift */; };
		2BAFA9A71FFFF86C002C690B /* AppDelegate.swift in Sources */ = {isa = PBXBuildFile; fileRef = 2BAFA9981FFFF86C002C690B /* AppDelegate.swift */; };
		2BAFA9A81FFFF86C002C690B /* Assets.xcassets in Resources */ = {isa = PBXBuildFile; fileRef = 2BAFA9991FFFF86C002C690B /* Assets.xcassets */; };
		2BAFA9A91FFFF86C002C690B /* LaunchScreen.storyboard in Resources */ = {isa = PBXBuildFile; fileRef = 2BAFA99A1FFFF86C002C690B /* LaunchScreen.storyboard */; };
		2BAFA9AA1FFFF86C002C690B /* TweetTableViewCell.swift in Sources */ = {isa = PBXBuildFile; fileRef = 2BAFA99C1FFFF86C002C690B /* TweetTableViewCell.swift */; };
		2BAFA9AB1FFFF86C002C690B /* MediaItem.swift in Sources */ = {isa = PBXBuildFile; fileRef = 2BAFA99F1FFFF86C002C690B /* MediaItem.swift */; };
		2BAFA9AC1FFFF86C002C690B /* NSDictionary+KeyPathConvenience.swift in Sources */ = {isa = PBXBuildFile; fileRef = 2BAFA9A01FFFF86C002C690B /* NSDictionary+KeyPathConvenience.swift */; };
		2BAFA9AD1FFFF86C002C690B /* Request.swift in Sources */ = {isa = PBXBuildFile; fileRef = 2BAFA9A11FFFF86C002C690B /* Request.swift */; };
		2BAFA9AE1FFFF86C002C690B /* Tweet.swift in Sources */ = {isa = PBXBuildFile; fileRef = 2BAFA9A21FFFF86C002C690B /* Tweet.swift */; };
		2BAFA9AF1FFFF86C002C690B /* User.swift in Sources */ = {isa = PBXBuildFile; fileRef = 2BAFA9A31FFFF86C002C690B /* User.swift */; };
		2BAFA9B12002351F002C690B /* MentionsTableViewController.swift in Sources */ = {isa = PBXBuildFile; fileRef = 2BAFA9B02002351F002C690B /* MentionsTableViewController.swift */; };
		2BAFA9B3200263FE002C690B /* MentionImageTableViewCell.swift in Sources */ = {isa = PBXBuildFile; fileRef = 2BAFA9B2200263FE002C690B /* MentionImageTableViewCell.swift */; };
		2BAFA9B52002A5A0002C690B /* MentionBasicTableViewCell.swift in Sources */ = {isa = PBXBuildFile; fileRef = 2BAFA9B42002A5A0002C690B /* MentionBasicTableViewCell.swift */; };
		2BFC73A120069A4F00F49321 /* ScrollingImageViewController.swift in Sources */ = {isa = PBXBuildFile; fileRef = 2BFC73A020069A4F00F49321 /* ScrollingImageViewController.swift */; };
		A1A815FADA8D46E49B97BD82 /* Pods_Smashtag.framework in Frameworks */ = {isa = PBXBuildFile; fileRef = E7E3A129230E5CCAFDC703CC /* Pods_Smashtag.framework */; };
/* End PBXBuildFile section */

/* Begin PBXFileReference section */
		2B1DF4D0200B90FF00DFE42B /* UserDefaultsManager.swift */ = {isa = PBXFileReference; lastKnownFileType = sourcecode.swift; path = UserDefaultsManager.swift; sourceTree = "<group>"; };
		2B1DF4D2200BE67700DFE42B /* SearchesTableViewController.swift */ = {isa = PBXFileReference; lastKnownFileType = sourcecode.swift; path = SearchesTableViewController.swift; sourceTree = "<group>"; };
		2B1DF4D4200F5AC200DFE42B /* SearchesTableViewCell.swift */ = {isa = PBXFileReference; lastKnownFileType = sourcecode.swift; path = SearchesTableViewCell.swift; sourceTree = "<group>"; };
		2B1DF4D6200F5F5C00DFE42B /* TabBarViewController.swift */ = {isa = PBXFileReference; lastKnownFileType = sourcecode.swift; path = TabBarViewController.swift; sourceTree = "<group>"; };
		2B2443501FFF9794001476B4 /* Smashtag.app */ = {isa = PBXFileReference; explicitFileType = wrapper.application; includeInIndex = 0; path = Smashtag.app; sourceTree = BUILT_PRODUCTS_DIR; };
		2BAFA9941FFFF86C002C690B /* Base */ = {isa = PBXFileReference; lastKnownFileType = file.storyboard; name = Base; path = Base.lproj/Main.storyboard; sourceTree = "<group>"; };
		2BAFA9951FFFF86C002C690B /* Info.plist */ = {isa = PBXFileReference; fileEncoding = 4; lastKnownFileType = text.plist.xml; path = Info.plist; sourceTree = "<group>"; };
		2BAFA9961FFFF86C002C690B /* MainTableViewController.swift */ = {isa = PBXFileReference; fileEncoding = 4; lastKnownFileType = sourcecode.swift; path = MainTableViewController.swift; sourceTree = "<group>"; };
		2BAFA9981FFFF86C002C690B /* AppDelegate.swift */ = {isa = PBXFileReference; fileEncoding = 4; lastKnownFileType = sourcecode.swift; path = AppDelegate.swift; sourceTree = "<group>"; };
		2BAFA9991FFFF86C002C690B /* Assets.xcassets */ = {isa = PBXFileReference; lastKnownFileType = folder.assetcatalog; path = Assets.xcassets; sourceTree = "<group>"; };
		2BAFA99B1FFFF86C002C690B /* Base */ = {isa = PBXFileReference; lastKnownFileType = file.storyboard; name = Base; path = Base.lproj/LaunchScreen.storyboard; sourceTree = "<group>"; };
		2BAFA99C1FFFF86C002C690B /* TweetTableViewCell.swift */ = {isa = PBXFileReference; fileEncoding = 4; lastKnownFileType = sourcecode.swift; path = TweetTableViewCell.swift; sourceTree = "<group>"; };
		2BAFA99D1FFFF86C002C690B /* TwitterKit-Bridging-Header.h */ = {isa = PBXFileReference; fileEncoding = 4; lastKnownFileType = sourcecode.c.h; path = "TwitterKit-Bridging-Header.h"; sourceTree = "<group>"; };
		2BAFA99F1FFFF86C002C690B /* MediaItem.swift */ = {isa = PBXFileReference; fileEncoding = 4; lastKnownFileType = sourcecode.swift; path = MediaItem.swift; sourceTree = "<group>"; };
		2BAFA9A01FFFF86C002C690B /* NSDictionary+KeyPathConvenience.swift */ = {isa = PBXFileReference; fileEncoding = 4; lastKnownFileType = sourcecode.swift; path = "NSDictionary+KeyPathConvenience.swift"; sourceTree = "<group>"; };
		2BAFA9A11FFFF86C002C690B /* Request.swift */ = {isa = PBXFileReference; fileEncoding = 4; lastKnownFileType = sourcecode.swift; path = Request.swift; sourceTree = "<group>"; };
		2BAFA9A21FFFF86C002C690B /* Tweet.swift */ = {isa = PBXFileReference; fileEncoding = 4; lastKnownFileType = sourcecode.swift; path = Tweet.swift; sourceTree = "<group>"; };
		2BAFA9A31FFFF86C002C690B /* User.swift */ = {isa = PBXFileReference; fileEncoding = 4; lastKnownFileType = sourcecode.swift; path = User.swift; sourceTree = "<group>"; };
		2BAFA9B02002351F002C690B /* MentionsTableViewController.swift */ = {isa = PBXFileReference; lastKnownFileType = sourcecode.swift; path = MentionsTableViewController.swift; sourceTree = "<group>"; };
		2BAFA9B2200263FE002C690B /* MentionImageTableViewCell.swift */ = {isa = PBXFileReference; lastKnownFileType = sourcecode.swift; path = MentionImageTableViewCell.swift; sourceTree = "<group>"; };
		2BAFA9B42002A5A0002C690B /* MentionBasicTableViewCell.swift */ = {isa = PBXFileReference; lastKnownFileType = sourcecode.swift; path = MentionBasicTableViewCell.swift; sourceTree = "<group>"; };
		2BFC73A020069A4F00F49321 /* ScrollingImageViewController.swift */ = {isa = PBXFileReference; lastKnownFileType = sourcecode.swift; path = ScrollingImageViewController.swift; sourceTree = "<group>"; };
		3DC687812AB322230468D637 /* Pods-Smashtag.debug.xcconfig */ = {isa = PBXFileReference; includeInIndex = 1; lastKnownFileType = text.xcconfig; name = "Pods-Smashtag.debug.xcconfig"; path = "Pods/Target Support Files/Pods-Smashtag/Pods-Smashtag.debug.xcconfig"; sourceTree = "<group>"; };
		4006A3183E42DEF1EE88353C /* Pods-Smashtag.release.xcconfig */ = {isa = PBXFileReference; includeInIndex = 1; lastKnownFileType = text.xcconfig; name = "Pods-Smashtag.release.xcconfig"; path = "Pods/Target Support Files/Pods-Smashtag/Pods-Smashtag.release.xcconfig"; sourceTree = "<group>"; };
		E7E3A129230E5CCAFDC703CC /* Pods_Smashtag.framework */ = {isa = PBXFileReference; explicitFileType = wrapper.framework; includeInIndex = 0; path = Pods_Smashtag.framework; sourceTree = BUILT_PRODUCTS_DIR; };
/* End PBXFileReference section */

/* Begin PBXFrameworksBuildPhase section */
		2B24434D1FFF9794001476B4 /* Frameworks */ = {
			isa = PBXFrameworksBuildPhase;
			buildActionMask = 2147483647;
			files = (
				A1A815FADA8D46E49B97BD82 /* Pods_Smashtag.framework in Frameworks */,
			);
			runOnlyForDeploymentPostprocessing = 0;
		};
/* End PBXFrameworksBuildPhase section */

/* Begin PBXGroup section */
		2B2443471FFF9794001476B4 = {
			isa = PBXGroup;
			children = (
				2BAFA9921FFFF86C002C690B /* Smashtag */,
				2B2443511FFF9794001476B4 /* Products */,
				62AE91DCECAA33176A5AF4BD /* Pods */,
				F30E867A911522BB3F804825 /* Frameworks */,
			);
			sourceTree = "<group>";
		};
		2B2443511FFF9794001476B4 /* Products */ = {
			isa = PBXGroup;
			children = (
				2B2443501FFF9794001476B4 /* Smashtag.app */,
			);
			name = Products;
			sourceTree = "<group>";
		};
		2BAFA9921FFFF86C002C690B /* Smashtag */ = {
			isa = PBXGroup;
			children = (
				2BAFA9931FFFF86C002C690B /* Main.storyboard */,
				2B1DF4D6200F5F5C00DFE42B /* TabBarViewController.swift */,
				2BAFA9B2200263FE002C690B /* MentionImageTableViewCell.swift */,
				2BAFA9B42002A5A0002C690B /* MentionBasicTableViewCell.swift */,
				2BAFA9951FFFF86C002C690B /* Info.plist */,
				2BAFA9961FFFF86C002C690B /* MainTableViewController.swift */,
				2BAFA9B02002351F002C690B /* MentionsTableViewController.swift */,
				2BAFA9971FFFF86C002C690B /* Supporting Files */,
				2BAFA99C1FFFF86C002C690B /* TweetTableViewCell.swift */,
				2BAFA99D1FFFF86C002C690B /* TwitterKit-Bridging-Header.h */,
				2BAFA99E1FFFF86C002C690B /* TwitterStanford */,
				2BFC73A020069A4F00F49321 /* ScrollingImageViewController.swift */,
				2B1DF4D0200B90FF00DFE42B /* UserDefaultsManager.swift */,
				2B1DF4D2200BE67700DFE42B /* SearchesTableViewController.swift */,
				2B1DF4D4200F5AC200DFE42B /* SearchesTableViewCell.swift */,
			);
			path = Smashtag;
			sourceTree = "<group>";
		};
		2BAFA9971FFFF86C002C690B /* Supporting Files */ = {
			isa = PBXGroup;
			children = (
				2BAFA9981FFFF86C002C690B /* AppDelegate.swift */,
				2BAFA9991FFFF86C002C690B /* Assets.xcassets */,
				2BAFA99A1FFFF86C002C690B /* LaunchScreen.storyboard */,
			);
			path = "Supporting Files";
			sourceTree = "<group>";
		};
		2BAFA99E1FFFF86C002C690B /* TwitterStanford */ = {
			isa = PBXGroup;
			children = (
				2BAFA99F1FFFF86C002C690B /* MediaItem.swift */,
				2BAFA9A01FFFF86C002C690B /* NSDictionary+KeyPathConvenience.swift */,
				2BAFA9A11FFFF86C002C690B /* Request.swift */,
				2BAFA9A21FFFF86C002C690B /* Tweet.swift */,
				2BAFA9A31FFFF86C002C690B /* User.swift */,
			);
			path = TwitterStanford;
			sourceTree = "<group>";
		};
		62AE91DCECAA33176A5AF4BD /* Pods */ = {
			isa = PBXGroup;
			children = (
				3DC687812AB322230468D637 /* Pods-Smashtag.debug.xcconfig */,
				4006A3183E42DEF1EE88353C /* Pods-Smashtag.release.xcconfig */,
			);
			name = Pods;
			sourceTree = "<group>";
		};
		F30E867A911522BB3F804825 /* Frameworks */ = {
			isa = PBXGroup;
			children = (
				E7E3A129230E5CCAFDC703CC /* Pods_Smashtag.framework */,
			);
			name = Frameworks;
			sourceTree = "<group>";
		};
/* End PBXGroup section */

/* Begin PBXNativeTarget section */
		2B24434F1FFF9794001476B4 /* Smashtag */ = {
			isa = PBXNativeTarget;
			buildConfigurationList = 2B2443621FFF9794001476B4 /* Build configuration list for PBXNativeTarget "Smashtag" */;
			buildPhases = (
				2CE1CA80CBAB1457D066C738 /* [CP] Check Pods Manifest.lock */,
				2B24434C1FFF9794001476B4 /* Sources */,
				2B24434D1FFF9794001476B4 /* Frameworks */,
				2B24434E1FFF9794001476B4 /* Resources */,
				152D6054BEA4789FBDB52BCE /* [CP] Embed Pods Frameworks */,
				7C449A5A543D8F1EBF9642B8 /* [CP] Copy Pods Resources */,
			);
			buildRules = (
			);
			dependencies = (
			);
			name = Smashtag;
			productName = Smashtag;
			productReference = 2B2443501FFF9794001476B4 /* Smashtag.app */;
			productType = "com.apple.product-type.application";
		};
/* End PBXNativeTarget section */

/* Begin PBXProject section */
		2B2443481FFF9794001476B4 /* Project object */ = {
			isa = PBXProject;
			attributes = {
				LastSwiftUpdateCheck = 0910;
				LastUpgradeCheck = 0910;
				ORGANIZATIONNAME = "Iza Ledzka";
				TargetAttributes = {
					2B24434F1FFF9794001476B4 = {
						CreatedOnToolsVersion = 9.1;
						ProvisioningStyle = Automatic;
					};
				};
			};
			buildConfigurationList = 2B24434B1FFF9794001476B4 /* Build configuration list for PBXProject "Smashtag" */;
			compatibilityVersion = "Xcode 8.0";
			developmentRegion = en;
			hasScannedForEncodings = 0;
			knownRegions = (
				en,
				Base,
			);
			mainGroup = 2B2443471FFF9794001476B4;
			productRefGroup = 2B2443511FFF9794001476B4 /* Products */;
			projectDirPath = "";
			projectRoot = "";
			targets = (
				2B24434F1FFF9794001476B4 /* Smashtag */,
			);
		};
/* End PBXProject section */

/* Begin PBXResourcesBuildPhase section */
		2B24434E1FFF9794001476B4 /* Resources */ = {
			isa = PBXResourcesBuildPhase;
			buildActionMask = 2147483647;
			files = (
				2BAFA9A51FFFF86C002C690B /* Info.plist in Resources */,
				2BAFA9A91FFFF86C002C690B /* LaunchScreen.storyboard in Resources */,
				2BAFA9A81FFFF86C002C690B /* Assets.xcassets in Resources */,
				2BAFA9A41FFFF86C002C690B /* Main.storyboard in Resources */,
			);
			runOnlyForDeploymentPostprocessing = 0;
		};
/* End PBXResourcesBuildPhase section */

/* Begin PBXShellScriptBuildPhase section */
		152D6054BEA4789FBDB52BCE /* [CP] Embed Pods Frameworks */ = {
			isa = PBXShellScriptBuildPhase;
			buildActionMask = 2147483647;
			files = (
			);
			inputPaths = (
			);
			name = "[CP] Embed Pods Frameworks";
			outputPaths = (
			);
			runOnlyForDeploymentPostprocessing = 0;
			shellPath = /bin/sh;
			shellScript = "\"${SRCROOT}/Pods/Target Support Files/Pods-Smashtag/Pods-Smashtag-frameworks.sh\"\n";
			showEnvVarsInLog = 0;
		};
		2CE1CA80CBAB1457D066C738 /* [CP] Check Pods Manifest.lock */ = {
			isa = PBXShellScriptBuildPhase;
			buildActionMask = 2147483647;
			files = (
			);
			inputPaths = (
			);
			name = "[CP] Check Pods Manifest.lock";
			outputPaths = (
			);
			runOnlyForDeploymentPostprocessing = 0;
			shellPath = /bin/sh;
			shellScript = "diff \"${PODS_ROOT}/../Podfile.lock\" \"${PODS_ROOT}/Manifest.lock\" > /dev/null\nif [ $? != 0 ] ; then\n    # print error to STDERR\n    echo \"error: The sandbox is not in sync with the Podfile.lock. Run 'pod install' or update your CocoaPods installation.\" >&2\n    exit 1\nfi\n";
			showEnvVarsInLog = 0;
		};
		7C449A5A543D8F1EBF9642B8 /* [CP] Copy Pods Resources */ = {
			isa = PBXShellScriptBuildPhase;
			buildActionMask = 2147483647;
			files = (
			);
			inputPaths = (
			);
			name = "[CP] Copy Pods Resources";
			outputPaths = (
			);
			runOnlyForDeploymentPostprocessing = 0;
			shellPath = /bin/sh;
			shellScript = "\"${SRCROOT}/Pods/Target Support Files/Pods-Smashtag/Pods-Smashtag-resources.sh\"\n";
			showEnvVarsInLog = 0;
		};
/* End PBXShellScriptBuildPhase section */

/* Begin PBXSourcesBuildPhase section */
		2B24434C1FFF9794001476B4 /* Sources */ = {
			isa = PBXSourcesBuildPhase;
			buildActionMask = 2147483647;
			files = (
				2B1DF4D7200F5F5C00DFE42B /* TabBarViewController.swift in Sources */,
				2BAFA9A71FFFF86C002C690B /* AppDelegate.swift in Sources */,
				2BAFA9AD1FFFF86C002C690B /* Request.swift in Sources */,
				2BAFA9AB1FFFF86C002C690B /* MediaItem.swift in Sources */,
				2B1DF4D1200B90FF00DFE42B /* UserDefaultsManager.swift in Sources */,
				2BAFA9AE1FFFF86C002C690B /* Tweet.swift in Sources */,
				2B1DF4D3200BE67700DFE42B /* SearchesTableViewController.swift in Sources */,
				2BAFA9B3200263FE002C690B /* MentionImageTableViewCell.swift in Sources */,
				2BAFA9AF1FFFF86C002C690B /* User.swift in Sources */,
				2BAFA9B12002351F002C690B /* MentionsTableViewController.swift in Sources */,
				2BAFA9A61FFFF86C002C690B /* MainTableViewController.swift in Sources */,
				2BFC73A120069A4F00F49321 /* ScrollingImageViewController.swift in Sources */,
				2BAFA9AA1FFFF86C002C690B /* TweetTableViewCell.swift in Sources */,
				2B1DF4D5200F5AC200DFE42B /* SearchesTableViewCell.swift in Sources */,
				2BAFA9B52002A5A0002C690B /* MentionBasicTableViewCell.swift in Sources */,
				2BAFA9AC1FFFF86C002C690B /* NSDictionary+KeyPathConvenience.swift in Sources */,
			);
			runOnlyForDeploymentPostprocessing = 0;
		};
/* End PBXSourcesBuildPhase section */

/* Begin PBXVariantGroup section */
		2BAFA9931FFFF86C002C690B /* Main.storyboard */ = {
			isa = PBXVariantGroup;
			children = (
				2BAFA9941FFFF86C002C690B /* Base */,
			);
			name = Main.storyboard;
			sourceTree = "<group>";
		};
		2BAFA99A1FFFF86C002C690B /* LaunchScreen.storyboard */ = {
			isa = PBXVariantGroup;
			children = (
				2BAFA99B1FFFF86C002C690B /* Base */,
			);
			name = LaunchScreen.storyboard;
			sourceTree = "<group>";
		};
/* End PBXVariantGroup section */

/* Begin XCBuildConfiguration section */
		2B2443601FFF9794001476B4 /* Debug */ = {
			isa = XCBuildConfiguration;
			buildSettings = {
				ALWAYS_SEARCH_USER_PATHS = NO;
				CLANG_ANALYZER_NONNULL = YES;
				CLANG_ANALYZER_NUMBER_OBJECT_CONVERSION = YES_AGGRESSIVE;
				CLANG_CXX_LANGUAGE_STANDARD = "gnu++14";
				CLANG_CXX_LIBRARY = "libc++";
				CLANG_ENABLE_MODULES = YES;
				CLANG_ENABLE_OBJC_ARC = YES;
				CLANG_WARN_BLOCK_CAPTURE_AUTORELEASING = YES;
				CLANG_WARN_BOOL_CONVERSION = YES;
				CLANG_WARN_COMMA = YES;
				CLANG_WARN_CONSTANT_CONVERSION = YES;
				CLANG_WARN_DIRECT_OBJC_ISA_USAGE = YES_ERROR;
				CLANG_WARN_DOCUMENTATION_COMMENTS = YES;
				CLANG_WARN_EMPTY_BODY = YES;
				CLANG_WARN_ENUM_CONVERSION = YES;
				CLANG_WARN_INFINITE_RECURSION = YES;
				CLANG_WARN_INT_CONVERSION = YES;
				CLANG_WARN_NON_LITERAL_NULL_CONVERSION = YES;
				CLANG_WARN_OBJC_LITERAL_CONVERSION = YES;
				CLANG_WARN_OBJC_ROOT_CLASS = YES_ERROR;
				CLANG_WARN_RANGE_LOOP_ANALYSIS = YES;
				CLANG_WARN_STRICT_PROTOTYPES = YES;
				CLANG_WARN_SUSPICIOUS_MOVE = YES;
				CLANG_WARN_UNGUARDED_AVAILABILITY = YES_AGGRESSIVE;
				CLANG_WARN_UNREACHABLE_CODE = YES;
				CLANG_WARN__DUPLICATE_METHOD_MATCH = YES;
				CODE_SIGN_IDENTITY = "iPhone Developer";
				COPY_PHASE_STRIP = NO;
				DEBUG_INFORMATION_FORMAT = dwarf;
				ENABLE_STRICT_OBJC_MSGSEND = YES;
				ENABLE_TESTABILITY = YES;
				GCC_C_LANGUAGE_STANDARD = gnu11;
				GCC_DYNAMIC_NO_PIC = NO;
				GCC_NO_COMMON_BLOCKS = YES;
				GCC_OPTIMIZATION_LEVEL = 0;
				GCC_PREPROCESSOR_DEFINITIONS = (
					"DEBUG=1",
					"$(inherited)",
				);
				GCC_WARN_64_TO_32_BIT_CONVERSION = YES;
				GCC_WARN_ABOUT_RETURN_TYPE = YES_ERROR;
				GCC_WARN_UNDECLARED_SELECTOR = YES;
				GCC_WARN_UNINITIALIZED_AUTOS = YES_AGGRESSIVE;
				GCC_WARN_UNUSED_FUNCTION = YES;
				GCC_WARN_UNUSED_VARIABLE = YES;
				IPHONEOS_DEPLOYMENT_TARGET = 11.1;
				MTL_ENABLE_DEBUG_INFO = YES;
				ONLY_ACTIVE_ARCH = YES;
				SDKROOT = iphoneos;
				SWIFT_ACTIVE_COMPILATION_CONDITIONS = DEBUG;
				SWIFT_OPTIMIZATION_LEVEL = "-Onone";
			};
			name = Debug;
		};
		2B2443611FFF9794001476B4 /* Release */ = {
			isa = XCBuildConfiguration;
			buildSettings = {
				ALWAYS_SEARCH_USER_PATHS = NO;
				CLANG_ANALYZER_NONNULL = YES;
				CLANG_ANALYZER_NUMBER_OBJECT_CONVERSION = YES_AGGRESSIVE;
				CLANG_CXX_LANGUAGE_STANDARD = "gnu++14";
				CLANG_CXX_LIBRARY = "libc++";
				CLANG_ENABLE_MODULES = YES;
				CLANG_ENABLE_OBJC_ARC = YES;
				CLANG_WARN_BLOCK_CAPTURE_AUTORELEASING = YES;
				CLANG_WARN_BOOL_CONVERSION = YES;
				CLANG_WARN_COMMA = YES;
				CLANG_WARN_CONSTANT_CONVERSION = YES;
				CLANG_WARN_DIRECT_OBJC_ISA_USAGE = YES_ERROR;
				CLANG_WARN_DOCUMENTATION_COMMENTS = YES;
				CLANG_WARN_EMPTY_BODY = YES;
				CLANG_WARN_ENUM_CONVERSION = YES;
				CLANG_WARN_INFINITE_RECURSION = YES;
				CLANG_WARN_INT_CONVERSION = YES;
				CLANG_WARN_NON_LITERAL_NULL_CONVERSION = YES;
				CLANG_WARN_OBJC_LITERAL_CONVERSION = YES;
				CLANG_WARN_OBJC_ROOT_CLASS = YES_ERROR;
				CLANG_WARN_RANGE_LOOP_ANALYSIS = YES;
				CLANG_WARN_STRICT_PROTOTYPES = YES;
				CLANG_WARN_SUSPICIOUS_MOVE = YES;
				CLANG_WARN_UNGUARDED_AVAILABILITY = YES_AGGRESSIVE;
				CLANG_WARN_UNREACHABLE_CODE = YES;
				CLANG_WARN__DUPLICATE_METHOD_MATCH = YES;
				CODE_SIGN_IDENTITY = "iPhone Developer";
				COPY_PHASE_STRIP = NO;
				DEBUG_INFORMATION_FORMAT = "dwarf-with-dsym";
				ENABLE_NS_ASSERTIONS = NO;
				ENABLE_STRICT_OBJC_MSGSEND = YES;
				GCC_C_LANGUAGE_STANDARD = gnu11;
				GCC_NO_COMMON_BLOCKS = YES;
				GCC_WARN_64_TO_32_BIT_CONVERSION = YES;
				GCC_WARN_ABOUT_RETURN_TYPE = YES_ERROR;
				GCC_WARN_UNDECLARED_SELECTOR = YES;
				GCC_WARN_UNINITIALIZED_AUTOS = YES_AGGRESSIVE;
				GCC_WARN_UNUSED_FUNCTION = YES;
				GCC_WARN_UNUSED_VARIABLE = YES;
				IPHONEOS_DEPLOYMENT_TARGET = 11.1;
				MTL_ENABLE_DEBUG_INFO = NO;
				SDKROOT = iphoneos;
				SWIFT_OPTIMIZATION_LEVEL = "-Owholemodule";
				VALIDATE_PRODUCT = YES;
			};
			name = Release;
		};
		2B2443631FFF9794001476B4 /* Debug */ = {
			isa = XCBuildConfiguration;
			baseConfigurationReference = 3DC687812AB322230468D637 /* Pods-Smashtag.debug.xcconfig */;
			buildSettings = {
				ASSETCATALOG_COMPILER_APPICON_NAME = AppIcon;
				CODE_SIGN_STYLE = Automatic;
				DEVELOPMENT_TEAM = EM6DC2K3NS;
				INFOPLIST_FILE = Smashtag/Info.plist;
				LD_RUNPATH_SEARCH_PATHS = "$(inherited) @executable_path/Frameworks";
				PRODUCT_BUNDLE_IDENTIFIER = com.iledzka.Smashtag;
				PRODUCT_NAME = "$(TARGET_NAME)";
				SWIFT_OBJC_BRIDGING_HEADER = "/Users/iza/Desktop/Smashtag/Smashtag/Smashtag/TwitterKit-Bridging-Header.h";
				SWIFT_VERSION = 4.0;
				TARGETED_DEVICE_FAMILY = "1,2";
			};
			name = Debug;
		};
		2B2443641FFF9794001476B4 /* Release */ = {
			isa = XCBuildConfiguration;
			baseConfigurationReference = 4006A3183E42DEF1EE88353C /* Pods-Smashtag.release.xcconfig */;
			buildSettings = {
				ASSETCATALOG_COMPILER_APPICON_NAME = AppIcon;
				CODE_SIGN_STYLE = Automatic;
				DEVELOPMENT_TEAM = EM6DC2K3NS;
				INFOPLIST_FILE = Smashtag/Info.plist;
				LD_RUNPATH_SEARCH_PATHS = "$(inherited) @executable_path/Frameworks";
				PRODUCT_BUNDLE_IDENTIFIER = com.iledzka.Smashtag;
				PRODUCT_NAME = "$(TARGET_NAME)";
				SWIFT_OBJC_BRIDGING_HEADER = "/Users/iza/Desktop/Smashtag/Smashtag/Smashtag/TwitterKit-Bridging-Header.h";
				SWIFT_VERSION = 4.0;
				TARGETED_DEVICE_FAMILY = "1,2";
			};
			name = Release;
		};
/* End XCBuildConfiguration section */

/* Begin XCConfigurationList section */
		2B24434B1FFF9794001476B4 /* Build configuration list for PBXProject "Smashtag" */ = {
			isa = XCConfigurationList;
			buildConfigurations = (
				2B2443601FFF9794001476B4 /* Debug */,
				2B2443611FFF9794001476B4 /* Release */,
			);
			defaultConfigurationIsVisible = 0;
			defaultConfigurationName = Release;
		};
		2B2443621FFF9794001476B4 /* Build configuration list for PBXNativeTarget "Smashtag" */ = {
			isa = XCConfigurationList;
			buildConfigurations = (
				2B2443631FFF9794001476B4 /* Debug */,
				2B2443641FFF9794001476B4 /* Release */,
			);
			defaultConfigurationIsVisible = 0;
			defaultConfigurationName = Release;
		};
/* End XCConfigurationList section */
	};
	rootObject = 2B2443481FFF9794001476B4 /* Project object */;
}
